
Microsoft Visual Studio Solution File, Format Version 12.00
Project("{FAE04EC0-301F-11D3-BF4B-00C04F79EFBC}") = "HelloWebAPI", "HelloWebAPI.csproj", "{E16C3CB3-248E-49EC-A494-ED20C909B676}"
EndProject
Global
	GlobalSection(SolutionConfigurationPlatforms) = preSolution
		Debug|Any CPU = Debug|Any CPU
		Release|Any CPU = Release|Any CPU
	EndGlobalSection
	GlobalSection(ProjectConfigurationPlatforms) = postSolution
		{E16C3CB3-248E-49EC-A494-ED20C909B676}.Debug|Any CPU.ActiveCfg = Debug|Any CPU
		{E16C3CB3-248E-49EC-A494-ED20C909B676}.Debug|Any CPU.Build.0 = Debug|Any CPU
		{E16C3CB3-248E-49EC-A494-ED20C909B676}.Release|Any CPU.ActiveCfg = Release|Any CPU
		{E16C3CB3-248E-49EC-A494-ED20C909B676}.Release|Any CPU.Build.0 = Release|Any CPU
	EndGlobalSection
EndGlobal
